
Microsoft Visual Studio Solution File, Format Version 12.00
# Visual Studio Version 16
VisualStudioVersion = 16.0.30204.135
MinimumVisualStudioVersion = 10.0.40219.1
Project("{FAE04EC0-301F-11D3-BF4B-00C04F79EFBC}") = "ColumnConcatenation", "ColumnConcatenation\ColumnConcatenation.csproj", "{871BE2BB-B390-4958-8CB9-2B2BDB0CADEA}"
EndProject
Global
	GlobalSection(SolutionConfigurationPlatforms) = preSolution
		Debug|Any CPU = Debug|Any CPU
		Release|Any CPU = Release|Any CPU
	EndGlobalSection
	GlobalSection(ProjectConfigurationPlatforms) = postSolution
		{871BE2BB-B390-4958-8CB9-2B2BDB0CADEA}.Debug|Any CPU.ActiveCfg = Debug|Any CPU
		{871BE2BB-B390-4958-8CB9-2B2BDB0CADEA}.Debug|Any CPU.Build.0 = Debug|Any CPU
		{871BE2BB-B390-4958-8CB9-2B2BDB0CADEA}.Release|Any CPU.ActiveCfg = Release|Any CPU
		{871BE2BB-B390-4958-8CB9-2B2BDB0CADEA}.Release|Any CPU.Build.0 = Release|Any CPU
	EndGlobalSection
	GlobalSection(SolutionProperties) = preSolution
		HideSolutionNode = FALSE
	EndGlobalSection
	GlobalSection(ExtensibilityGlobals) = postSolution
		SolutionGuid = {1C599AD1-C822-4404-BDB2-2C6C0A493940}
	EndGlobalSection
EndGlobal
